
Microsoft Visual Studio Solution File, Format Version 12.00
# Visual Studio 14
VisualStudioVersion = 14.0.25420.1
MinimumVisualStudioVersion = 10.0.40219.1
Project("{FAE04EC0-301F-11D3-BF4B-00C04F79EFBC}") = "ConsoleApplication1", "ConsoleApplication1\ConsoleApplication1.csproj", "{D181B071-5CED-4B62-8B4A-49C56E52CD95}"
EndProject
Global
	GlobalSection(SolutionConfigurationPlatforms) = preSolution
		Debug|Any CPU = Debug|Any CPU
		Release|Any CPU = Release|Any CPU
	EndGlobalSection
	GlobalSection(ProjectConfigurationPlatforms) = postSolution
		{D181B071-5CED-4B62-8B4A-49C56E52CD95}.Debug|Any CPU.ActiveCfg = Debug|Any CPU
		{D181B071-5CED-4B62-8B4A-49C56E52CD95}.Debug|Any CPU.Build.0 = Debug|Any CPU
		{D181B071-5CED-4B62-8B4A-49C56E52CD95}.Release|Any CPU.ActiveCfg = Release|Any CPU
		{D181B071-5CED-4B62-8B4A-49C56E52CD95}.Release|Any CPU.Build.0 = Release|Any CPU
	EndGlobalSection
	GlobalSection(SolutionProperties) = preSolution
		HideSolutionNode = FALSE
	EndGlobalSection
EndGlobal
